
Microsoft Visual Studio Solution File, Format Version 12.00
# Visual Studio Version 17
VisualStudioVersion = 17.2.32526.322
MinimumVisualStudioVersion = 10.0.40219.1
Project("{9A19103F-16F7-4668-BE54-9A1E7A4F7556}") = "CmsHeadless", "CmsHeadless\CmsHeadless.csproj", "{A47B9332-0431-4FF9-BAA9-44A8E8182C3A}"
EndProject
Global
	GlobalSection(SolutionConfigurationPlatforms) = preSolution
		Debug|Any CPU = Debug|Any CPU
		Release|Any CPU = Release|Any CPU
	EndGlobalSection
	GlobalSection(ProjectConfigurationPlatforms) = postSolution
		{A47B9332-0431-4FF9-BAA9-44A8E8182C3A}.Debug|Any CPU.ActiveCfg = Debug|Any CPU
		{A47B9332-0431-4FF9-BAA9-44A8E8182C3A}.Debug|Any CPU.Build.0 = Debug|Any CPU
		{A47B9332-0431-4FF9-BAA9-44A8E8182C3A}.Release|Any CPU.ActiveCfg = Release|Any CPU
		{A47B9332-0431-4FF9-BAA9-44A8E8182C3A}.Release|Any CPU.Build.0 = Release|Any CPU
	EndGlobalSection
	GlobalSection(SolutionProperties) = preSolution
		HideSolutionNode = FALSE
	EndGlobalSection
	GlobalSection(ExtensibilityGlobals) = postSolution
		SolutionGuid = {C414D2D8-C228-413D-9470-63D2F6E81D4E}
	EndGlobalSection
EndGlobal
